<Solution>
  <Project Path="backend/SistemaControleGastos.API/SistemaControleGastos.API.csproj" />
  <Project Path="backend/SistemaControleGastos.Application/SistemaControleGastos.Application.csproj" />
  <Project Path="backend/SistemaControleGastos.Domain/SistemaControleGastos.Domain.csproj" />
  <Project Path="backend/SistemaControleGastos.Infrastructure/SistemaControleGastos.Infrastructure.csproj" />
</Solution>
